
Microsoft Visual Studio Solution File, Format Version 12.00
# Visual Studio Version 17
VisualStudioVersion = 17.5.33530.505
MinimumVisualStudioVersion = 10.0.40219.1
Project("{FAE04EC0-301F-11D3-BF4B-00C04F79EFBC}") = "React Big Bang", "React Big Bang\React Big Bang.csproj", "{5C18A688-E28F-456F-BCB9-AE986BAEC350}"
EndProject
Global
	GlobalSection(SolutionConfigurationPlatforms) = preSolution
		Debug|Any CPU = Debug|Any CPU
		Release|Any CPU = Release|Any CPU
	EndGlobalSection
	GlobalSection(ProjectConfigurationPlatforms) = postSolution
		{5C18A688-E28F-456F-BCB9-AE986BAEC350}.Debug|Any CPU.ActiveCfg = Debug|Any CPU
		{5C18A688-E28F-456F-BCB9-AE986BAEC350}.Debug|Any CPU.Build.0 = Debug|Any CPU
		{5C18A688-E28F-456F-BCB9-AE986BAEC350}.Release|Any CPU.ActiveCfg = Release|Any CPU
		{5C18A688-E28F-456F-BCB9-AE986BAEC350}.Release|Any CPU.Build.0 = Release|Any CPU
	EndGlobalSection
	GlobalSection(SolutionProperties) = preSolution
		HideSolutionNode = FALSE
	EndGlobalSection
	GlobalSection(ExtensibilityGlobals) = postSolution
		SolutionGuid = {8565D3AF-8E0C-4AAB-8759-79D4C947C268}
	EndGlobalSection
EndGlobal
